
Microsoft Visual Studio Solution File, Format Version 12.00
# Visual Studio Version 16
VisualStudioVersion = 16.0.30804.86
MinimumVisualStudioVersion = 10.0.40219.1
Project("{9A19103F-16F7-4668-BE54-9A1E7A4F7556}") = "KampIntro", "KampIntro\KampIntro.csproj", "{28E51335-EFD7-4423-AA03-D2D3AC1CC19A}"
EndProject
Project("{9A19103F-16F7-4668-BE54-9A1E7A4F7556}") = "Donguler", "Donguler\Donguler.csproj", "{4A55899B-5595-47A0-BDDA-ECD1CD3A15BF}"
EndProject
Project("{9A19103F-16F7-4668-BE54-9A1E7A4F7556}") = "ClassIntro", "ClassIntro\ClassIntro.csproj", "{FC2B3883-D449-49C0-A897-3E6F60C6D39D}"
EndProject
Project("{9A19103F-16F7-4668-BE54-9A1E7A4F7556}") = "Metotlar", "Metotlar\Metotlar.csproj", "{BDAE599F-B406-49A5-B0CB-3A4E8E117C8D}"
EndProject
Project("{9A19103F-16F7-4668-BE54-9A1E7A4F7556}") = "Matematik", "Matematik\Matematik.csproj", "{71436020-4868-4859-8640-BB91BBD00AC5}"
EndProject
Project("{9A19103F-16F7-4668-BE54-9A1E7A4F7556}") = "DegerVeReferansTipler", "DegerVeReferansTipler\DegerVeReferansTipler.csproj", "{1222EE68-3800-4E30-8134-B09A2626C0D5}"
EndProject
Project("{9A19103F-16F7-4668-BE54-9A1E7A4F7556}") = "OOP1", "OOP1\OOP1.csproj", "{B189735E-6B0B-4A5C-A1FD-ED1AD6C17C61}"
EndProject
Project("{9A19103F-16F7-4668-BE54-9A1E7A4F7556}") = "Koleksiyonlar", "Koleksiyonlar\Koleksiyonlar.csproj", "{AA741965-6837-4E9E-9D20-DBEF2DD974CA}"
EndProject
Project("{9A19103F-16F7-4668-BE54-9A1E7A4F7556}") = "GenericsIntro", "GenericsIntro\GenericsIntro.csproj", "{4BEF1833-6CD5-46BA-9EF4-BB1C0AD2AC88}"
EndProject
Project("{FAE04EC0-301F-11D3-BF4B-00C04F79EFBC}") = "OOP2", "OOP2\OOP2.csproj", "{93509BEB-408C-4302-B394-18DD9BCAC6CC}"
EndProject
Project("{FAE04EC0-301F-11D3-BF4B-00C04F79EFBC}") = "OOP3", "OOP3\OOP3.csproj", "{6FC22779-22E2-44A5-9E66-4F141D2EED95}"
EndProject
Global
	GlobalSection(SolutionConfigurationPlatforms) = preSolution
		Debug|Any CPU = Debug|Any CPU
		Release|Any CPU = Release|Any CPU
	EndGlobalSection
	GlobalSection(ProjectConfigurationPlatforms) = postSolution
		{28E51335-EFD7-4423-AA03-D2D3AC1CC19A}.Debug|Any CPU.ActiveCfg = Debug|Any CPU
		{28E51335-EFD7-4423-AA03-D2D3AC1CC19A}.Debug|Any CPU.Build.0 = Debug|Any CPU
		{28E51335-EFD7-4423-AA03-D2D3AC1CC19A}.Release|Any CPU.ActiveCfg = Release|Any CPU
		{28E51335-EFD7-4423-AA03-D2D3AC1CC19A}.Release|Any CPU.Build.0 = Release|Any CPU
		{4A55899B-5595-47A0-BDDA-ECD1CD3A15BF}.Debug|Any CPU.ActiveCfg = Debug|Any CPU
		{4A55899B-5595-47A0-BDDA-ECD1CD3A15BF}.Debug|Any CPU.Build.0 = Debug|Any CPU
		{4A55899B-5595-47A0-BDDA-ECD1CD3A15BF}.Release|Any CPU.ActiveCfg = Release|Any CPU
		{4A55899B-5595-47A0-BDDA-ECD1CD3A15BF}.Release|Any CPU.Build.0 = Release|Any CPU
		{FC2B3883-D449-49C0-A897-3E6F60C6D39D}.Debug|Any CPU.ActiveCfg = Debug|Any CPU
		{FC2B3883-D449-49C0-A897-3E6F60C6D39D}.Debug|Any CPU.Build.0 = Debug|Any CPU
		{FC2B3883-D449-49C0-A897-3E6F60C6D39D}.Release|Any CPU.ActiveCfg = Release|Any CPU
		{FC2B3883-D449-49C0-A897-3E6F60C6D39D}.Release|Any CPU.Build.0 = Release|Any CPU
		{BDAE599F-B406-49A5-B0CB-3A4E8E117C8D}.Debug|Any CPU.ActiveCfg = Debug|Any CPU
		{BDAE599F-B406-49A5-B0CB-3A4E8E117C8D}.Debug|Any CPU.Build.0 = Debug|Any CPU
		{BDAE599F-B406-49A5-B0CB-3A4E8E117C8D}.Release|Any CPU.ActiveCfg = Release|Any CPU
		{BDAE599F-B406-49A5-B0CB-3A4E8E117C8D}.Release|Any CPU.Build.0 = Release|Any CPU
		{71436020-4868-4859-8640-BB91BBD00AC5}.Debug|Any CPU.ActiveCfg = Debug|Any CPU
		{71436020-4868-4859-8640-BB91BBD00AC5}.Debug|Any CPU.Build.0 = Debug|Any CPU
		{71436020-4868-4859-8640-BB91BBD00AC5}.Release|Any CPU.ActiveCfg = Release|Any CPU
		{71436020-4868-4859-8640-BB91BBD00AC5}.Release|Any CPU.Build.0 = Release|Any CPU
		{1222EE68-3800-4E30-8134-B09A2626C0D5}.Debug|Any CPU.ActiveCfg = Debug|Any CPU
		{1222EE68-3800-4E30-8134-B09A2626C0D5}.Debug|Any CPU.Build.0 = Debug|Any CPU
		{1222EE68-3800-4E30-8134-B09A2626C0D5}.Release|Any CPU.ActiveCfg = Release|Any CPU
		{1222EE68-3800-4E30-8134-B09A2626C0D5}.Release|Any CPU.Build.0 = Release|Any CPU
		{B189735E-6B0B-4A5C-A1FD-ED1AD6C17C61}.Debug|Any CPU.ActiveCfg = Debug|Any CPU
		{B189735E-6B0B-4A5C-A1FD-ED1AD6C17C61}.Debug|Any CPU.Build.0 = Debug|Any CPU
		{B189735E-6B0B-4A5C-A1FD-ED1AD6C17C61}.Release|Any CPU.ActiveCfg = Release|Any CPU
		{B189735E-6B0B-4A5C-A1FD-ED1AD6C17C61}.Release|Any CPU.Build.0 = Release|Any CPU
		{AA741965-6837-4E9E-9D20-DBEF2DD974CA}.Debug|Any CPU.ActiveCfg = Debug|Any CPU
		{AA741965-6837-4E9E-9D20-DBEF2DD974CA}.Debug|Any CPU.Build.0 = Debug|Any CPU
		{AA741965-6837-4E9E-9D20-DBEF2DD974CA}.Release|Any CPU.ActiveCfg = Release|Any CPU
		{AA741965-6837-4E9E-9D20-DBEF2DD974CA}.Release|Any CPU.Build.0 = Release|Any CPU
		{4BEF1833-6CD5-46BA-9EF4-BB1C0AD2AC88}.Debug|Any CPU.ActiveCfg = Debug|Any CPU
		{4BEF1833-6CD5-46BA-9EF4-BB1C0AD2AC88}.Debug|Any CPU.Build.0 = Debug|Any CPU
		{4BEF1833-6CD5-46BA-9EF4-BB1C0AD2AC88}.Release|Any CPU.ActiveCfg = Release|Any CPU
		{4BEF1833-6CD5-46BA-9EF4-BB1C0AD2AC88}.Release|Any CPU.Build.0 = Release|Any CPU
		{93509BEB-408C-4302-B394-18DD9BCAC6CC}.Debug|Any CPU.ActiveCfg = Debug|Any CPU
		{93509BEB-408C-4302-B394-18DD9BCAC6CC}.Debug|Any CPU.Build.0 = Debug|Any CPU
		{93509BEB-408C-4302-B394-18DD9BCAC6CC}.Release|Any CPU.ActiveCfg = Release|Any CPU
		{93509BEB-408C-4302-B394-18DD9BCAC6CC}.Release|Any CPU.Build.0 = Release|Any CPU
		{6FC22779-22E2-44A5-9E66-4F141D2EED95}.Debug|Any CPU.ActiveCfg = Debug|Any CPU
		{6FC22779-22E2-44A5-9E66-4F141D2EED95}.Debug|Any CPU.Build.0 = Debug|Any CPU
		{6FC22779-22E2-44A5-9E66-4F141D2EED95}.Release|Any CPU.ActiveCfg = Release|Any CPU
		{6FC22779-22E2-44A5-9E66-4F141D2EED95}.Release|Any CPU.Build.0 = Release|Any CPU
	EndGlobalSection
	GlobalSection(SolutionProperties) = preSolution
		HideSolutionNode = FALSE
	EndGlobalSection
	GlobalSection(ExtensibilityGlobals) = postSolution
		SolutionGuid = {CB658830-0D5E-4F66-AB85-00D13A91D314}
	EndGlobalSection
EndGlobal
